
Microsoft Visual Studio Solution File, Format Version 12.00
# Visual Studio Version 16
VisualStudioVersion = 16.0.30523.141
MinimumVisualStudioVersion = 10.0.40219.1
Project("{FAE04EC0-301F-11D3-BF4B-00C04F79EFBC}") = "Web Api", "Web Api.csproj", "{C3F5A3A7-2946-42BE-8339-BEB385A95027}"
EndProject
Global
	GlobalSection(SolutionConfigurationPlatforms) = preSolution
		Debug|Any CPU = Debug|Any CPU
		Release|Any CPU = Release|Any CPU
	EndGlobalSection
	GlobalSection(ProjectConfigurationPlatforms) = postSolution
		{C3F5A3A7-2946-42BE-8339-BEB385A95027}.Debug|Any CPU.ActiveCfg = Debug|Any CPU
		{C3F5A3A7-2946-42BE-8339-BEB385A95027}.Debug|Any CPU.Build.0 = Debug|Any CPU
		{C3F5A3A7-2946-42BE-8339-BEB385A95027}.Release|Any CPU.ActiveCfg = Release|Any CPU
		{C3F5A3A7-2946-42BE-8339-BEB385A95027}.Release|Any CPU.Build.0 = Release|Any CPU
	EndGlobalSection
	GlobalSection(SolutionProperties) = preSolution
		HideSolutionNode = FALSE
	EndGlobalSection
	GlobalSection(ExtensibilityGlobals) = postSolution
		SolutionGuid = {924D7828-BAD0-461E-84D2-A7D5571E895B}
	EndGlobalSection
EndGlobal
